
Microsoft Visual Studio Solution File, Format Version 12.00
# Visual Studio 14
VisualStudioVersion = 14.0.25420.1
MinimumVisualStudioVersion = 10.0.40219.1
Project("{FAE04EC0-301F-11D3-BF4B-00C04F79EFBC}") = "GameEvalutator", "Poker\GameEvalutator.csproj", "{B21F264F-A326-4422-9348-B299412240DB}"
EndProject
Project("{FAE04EC0-301F-11D3-BF4B-00C04F79EFBC}") = "GameTester", "GameTester\GameTester.csproj", "{1F2E1855-FD51-4555-B652-31F43A0C5454}"
EndProject
Global
	GlobalSection(SolutionConfigurationPlatforms) = preSolution
		Debug|Any CPU = Debug|Any CPU
		Release|Any CPU = Release|Any CPU
	EndGlobalSection
	GlobalSection(ProjectConfigurationPlatforms) = postSolution
		{B21F264F-A326-4422-9348-B299412240DB}.Debug|Any CPU.ActiveCfg = Debug|Any CPU
		{B21F264F-A326-4422-9348-B299412240DB}.Debug|Any CPU.Build.0 = Debug|Any CPU
		{B21F264F-A326-4422-9348-B299412240DB}.Release|Any CPU.ActiveCfg = Release|Any CPU
		{B21F264F-A326-4422-9348-B299412240DB}.Release|Any CPU.Build.0 = Release|Any CPU
		{1F2E1855-FD51-4555-B652-31F43A0C5454}.Debug|Any CPU.ActiveCfg = Debug|Any CPU
		{1F2E1855-FD51-4555-B652-31F43A0C5454}.Debug|Any CPU.Build.0 = Debug|Any CPU
		{1F2E1855-FD51-4555-B652-31F43A0C5454}.Release|Any CPU.ActiveCfg = Release|Any CPU
		{1F2E1855-FD51-4555-B652-31F43A0C5454}.Release|Any CPU.Build.0 = Release|Any CPU
	EndGlobalSection
	GlobalSection(SolutionProperties) = preSolution
		HideSolutionNode = FALSE
	EndGlobalSection
EndGlobal
